<?xml version="1.0" encoding="utf-8"?>
<Project ToolsVersion="4.0" xmlns="http://schemas.microsoft.com/developer/msbuild/2003">
  <ItemGroup>
    <Filter Include="Common">
      <UniqueIdentifier>00b7da3f-5aac-4790-8d94-959771dc856f</UniqueIdentifier>
    </Filter>
    <Filter Include="Assets">
      <UniqueIdentifier>4edb6a49-c204-47c5-b406-501ace9d462d</UniqueIdentifier>
      <Extensions>ico;cur;bmp;dds;dlg;fbx;rct;bin;rgs;gif;jpg;jpeg;jpe;resx;tga;tiff;tif;png;wav;mfcribbon-ms</Extensions>
    </Filter>
    <Filter Include="EnTT">
      <UniqueIdentifier>{3405d1f8-f59f-4c90-ad8c-45d1abd661f3}</UniqueIdentifier>
    </Filter>
    <Filter Include="Cereal">
      <UniqueIdentifier>{4f1878cb-7270-4bff-930c-c6cfa19176b6}</UniqueIdentifier>
    </Filter>
    <Filter Include="ECS">
      <UniqueIdentifier>{fc54fed8-fc20-43e2-9db5-7816956f3f05}</UniqueIdentifier>
    </Filter>
    <Filter Include="Components">
      <UniqueIdentifier>{8d13bdaa-a684-4ddf-84a2-6590043cc25e}</UniqueIdentifier>
    </Filter>
    <Filter Include="ImGui">
      <UniqueIdentifier>{5330ab80-b6fb-4458-8944-368b0e3dae53}</UniqueIdentifier>
    </Filter>
  </ItemGroup>
  <ItemGroup>
    <ClInclude Include="pch.h" />
    <ClInclude Include="Game.h" />
    <ClInclude Include="StepTimer.h">
      <Filter>Common</Filter>
    </ClInclude>
    <ClInclude Include="DeviceResources.h">
      <Filter>Common</Filter>
    </ClInclude>
    <ClInclude Include="entt\entt.hpp">
      <Filter>EnTT</Filter>
    </ClInclude>
    <ClInclude Include="MyGame.h" />
    <ClInclude Include="cereal\macros.hpp">
      <Filter>Cereal</Filter>
    </ClInclude>
    <ClInclude Include="cereal\specialize.hpp">
      <Filter>Cereal</Filter>
    </ClInclude>
    <ClInclude Include="cereal\version.hpp">
      <Filter>Cereal</Filter>
    </ClInclude>
    <ClInclude Include="cereal\access.hpp">
      <Filter>Cereal</Filter>
    </ClInclude>
    <ClInclude Include="cereal\cereal.hpp">
      <Filter>Cereal</Filter>
    </ClInclude>
    <ClInclude Include="EventBus.h">
      <Filter>ECS</Filter>
    </ClInclude>
    <ClInclude Include="Serialize.h">
      <Filter>ECS</Filter>
    </ClInclude>
    <ClInclude Include="AllComponents.h">
      <Filter>Components</Filter>
    </ClInclude>
    <ClInclude Include="Components.h">
      <Filter>Components</Filter>
    </ClInclude>
    <ClInclude Include="Events.h">
      <Filter>Components</Filter>
    </ClInclude>
    <ClInclude Include="GameObject.h">
      <Filter>ECS</Filter>
    </ClInclude>
    <ClInclude Include="Scene.h">
      <Filter>ECS</Filter>
    </ClInclude>
    <ClInclude Include="ImGui\imgui_impl_win32.h">
      <Filter>ImGui</Filter>
    </ClInclude>
    <ClInclude Include="ImGui\imgui_internal.h">
      <Filter>ImGui</Filter>
    </ClInclude>
    <ClInclude Include="ImGui\imstb_rectpack.h">
      <Filter>ImGui</Filter>
    </ClInclude>
    <ClInclude Include="ImGui\imstb_textedit.h">
      <Filter>ImGui</Filter>
    </ClInclude>
    <ClInclude Include="ImGui\imstb_truetype.h">
      <Filter>ImGui</Filter>
    </ClInclude>
    <ClInclude Include="ImGui\imconfig.h">
      <Filter>ImGui</Filter>
    </ClInclude>
    <ClInclude Include="ImGui\imgui.h">
      <Filter>ImGui</Filter>
    </ClInclude>
    <ClInclude Include="ImGui\imgui_impl_dx11.h">
      <Filter>ImGui</Filter>
    </ClInclude>
    <ClInclude Include="ImGuiManager.h" />
    <ClInclude Include="ImGuiStyles.h" />
    <ClInclude Include="GameContext.h">
      <Filter>ECS</Filter>
    </ClInclude>
  </ItemGroup>
  <ItemGroup>
    <ClCompile Include="pch.cpp" />
    <ClCompile Include="Game.cpp" />
    <ClCompile Include="Main.cpp" />
    <ClCompile Include="DeviceResources.cpp">
      <Filter>Common</Filter>
    </ClCompile>
    <ClCompile Include="MyGame.cpp" />
    <ClCompile Include="Components.cpp">
      <Filter>Components</Filter>
    </ClCompile>
    <ClCompile Include="GameObject.cpp">
      <Filter>ECS</Filter>
    </ClCompile>
    <ClCompile Include="Scene.cpp">
      <Filter>ECS</Filter>
    </ClCompile>
    <ClCompile Include="ImGuiManager.cpp" />
    <ClCompile Include="ImGuiStyles.cpp" />
  </ItemGroup>
  <ItemGroup>
    <ResourceCompile Include="resource.rc" />
  </ItemGroup>
  <ItemGroup>
    <Image Include="directx.ico">
      <Filter>Assets</Filter>
    </Image>
  </ItemGroup>
  <ItemGroup>
    <Manifest Include="settings.manifest">
      <Filter>Assets</Filter>
    </Manifest>
  </ItemGroup>
</Project>